
Microsoft Visual Studio Solution File, Format Version 12.00
# Visual Studio Version 17
VisualStudioVersion = 17.13.35931.197 d17.13
MinimumVisualStudioVersion = 10.0.40219.1
Project("{FAE04EC0-301F-11D3-BF4B-00C04F79EFBC}") = "Rent4u", "Rent4u\Rent4u.csproj", "{3391EB28-67E9-429A-A56F-87338BD4DCA1}"
EndProject
Global
	GlobalSection(SolutionConfigurationPlatforms) = preSolution
		Debug|Any CPU = Debug|Any CPU
		Release|Any CPU = Release|Any CPU
	EndGlobalSection
	GlobalSection(ProjectConfigurationPlatforms) = postSolution
		{3391EB28-67E9-429A-A56F-87338BD4DCA1}.Debug|Any CPU.ActiveCfg = Debug|Any CPU
		{3391EB28-67E9-429A-A56F-87338BD4DCA1}.Debug|Any CPU.Build.0 = Debug|Any CPU
		{3391EB28-67E9-429A-A56F-87338BD4DCA1}.Release|Any CPU.ActiveCfg = Release|Any CPU
		{3391EB28-67E9-429A-A56F-87338BD4DCA1}.Release|Any CPU.Build.0 = Release|Any CPU
	EndGlobalSection
	GlobalSection(SolutionProperties) = preSolution
		HideSolutionNode = FALSE
	EndGlobalSection
	GlobalSection(ExtensibilityGlobals) = postSolution
		SolutionGuid = {2CDC7337-ADAC-4FCC-AF22-B28D1099917F}
	EndGlobalSection
EndGlobal
